%{
  "type_check": {:hex, :type_check, "0.13.5", "b41ce95808546e9913d7d56d0886ae8298c4298c9ff596fd7987c5000a2d2316", [:mix], [{:credo, "~> 1.5", [hex: :credo, repo: "hexpm", optional: true]}, {:stream_data, "~> 0.5.0", [hex: :stream_data, repo: "hexpm", optional: true]}], "hexpm", "6196910e3cec69b4e2cec71f8d9f243532aeeb37924a86e8256bc5ee05b3fd00"},
}
